
Microsoft Visual Studio Solution File, Format Version 10.00
# Visual C++ Express 2008
Project("{8BC9CEB8-8B4A-11D0-8D11-00A0C91BC942}") = "w32", "w32.vcproj", "{61011C09-083A-410A-93AF-5E6CD4775865}"
EndProject
Project("{8BC9CEB8-8B4A-11D0-8D11-00A0C91BC942}") = "w32.fs", "w32.fs.vcproj", "{61627339-BCDA-47EA-9033-285B2B208345}"
	ProjectSection(ProjectDependencies) = postProject
		{61011C09-083A-410A-93AF-5E6CD4775865} = {61011C09-083A-410A-93AF-5E6CD4775865}
	EndProjectSection
EndProject
Project("{8BC9CEB8-8B4A-11D0-8D11-00A0C91BC942}") = "w32.mt", "w32.mt.vcproj", "{DF14E5FB-3C8A-4555-8A7B-EED61534FE77}"
	ProjectSection(ProjectDependencies) = postProject
		{61011C09-083A-410A-93AF-5E6CD4775865} = {61011C09-083A-410A-93AF-5E6CD4775865}
	EndProjectSection
EndProject
Project("{8BC9CEB8-8B4A-11D0-8D11-00A0C91BC942}") = "w32.io", "w32.io.vcproj", "{CAE517EB-0A15-49E2-8E9B-0126390C4D47}"
	ProjectSection(ProjectDependencies) = postProject
		{61011C09-083A-410A-93AF-5E6CD4775865} = {61011C09-083A-410A-93AF-5E6CD4775865}
	EndProjectSection
EndProject
Project("{8BC9CEB8-8B4A-11D0-8D11-00A0C91BC942}") = "w32.mm", "w32.mm.vcproj", "{CA8AE3FC-3EAF-419E-803C-9ACC9448593D}"
	ProjectSection(ProjectDependencies) = postProject
		{61011C09-083A-410A-93AF-5E6CD4775865} = {61011C09-083A-410A-93AF-5E6CD4775865}
	EndProjectSection
EndProject
Project("{8BC9CEB8-8B4A-11D0-8D11-00A0C91BC942}") = "w32.sc", "w32.sc.vcproj", "{4807A37B-88B9-4C2B-AF96-2FEA055E60BE}"
	ProjectSection(ProjectDependencies) = postProject
		{61011C09-083A-410A-93AF-5E6CD4775865} = {61011C09-083A-410A-93AF-5E6CD4775865}
	EndProjectSection
EndProject
Project("{8BC9CEB8-8B4A-11D0-8D11-00A0C91BC942}") = "w32.dbg", "w32.dbg.vcproj", "{85854619-D795-43A2-B8E7-157FA92C3402}"
	ProjectSection(ProjectDependencies) = postProject
		{61011C09-083A-410A-93AF-5E6CD4775865} = {61011C09-083A-410A-93AF-5E6CD4775865}
		{9798391A-BE19-444F-A18B-835EDB3B851A} = {9798391A-BE19-444F-A18B-835EDB3B851A}
	EndProjectSection
EndProject
Project("{8BC9CEB8-8B4A-11D0-8D11-00A0C91BC942}") = "w32.rgs", "w32.rgs.vcproj", "{9798391A-BE19-444F-A18B-835EDB3B851A}"
	ProjectSection(ProjectDependencies) = postProject
		{61011C09-083A-410A-93AF-5E6CD4775865} = {61011C09-083A-410A-93AF-5E6CD4775865}
	EndProjectSection
EndProject
Project("{8BC9CEB8-8B4A-11D0-8D11-00A0C91BC942}") = "w32.ipc", "w32.ipc.vcproj", "{871C9846-8B31-4225-B83F-A1213F1162DF}"
	ProjectSection(ProjectDependencies) = postProject
		{61011C09-083A-410A-93AF-5E6CD4775865} = {61011C09-083A-410A-93AF-5E6CD4775865}
	EndProjectSection
EndProject
Project("{8BC9CEB8-8B4A-11D0-8D11-00A0C91BC942}") = "w32.net", "w32.net.vcproj", "{FEB2C938-CBD9-40C2-9627-4969EDD35EE3}"
	ProjectSection(ProjectDependencies) = postProject
		{61011C09-083A-410A-93AF-5E6CD4775865} = {61011C09-083A-410A-93AF-5E6CD4775865}
		{CAE517EB-0A15-49E2-8E9B-0126390C4D47} = {CAE517EB-0A15-49E2-8E9B-0126390C4D47}
		{DF14E5FB-3C8A-4555-8A7B-EED61534FE77} = {DF14E5FB-3C8A-4555-8A7B-EED61534FE77}
	EndProjectSection
EndProject
Project("{8BC9CEB8-8B4A-11D0-8D11-00A0C91BC942}") = "w32.gdi", "w32.gdi.vcproj", "{182DAB8B-4C90-4CDD-86AA-063A714919CC}"
	ProjectSection(ProjectDependencies) = postProject
		{61011C09-083A-410A-93AF-5E6CD4775865} = {61011C09-083A-410A-93AF-5E6CD4775865}
		{DF14E5FB-3C8A-4555-8A7B-EED61534FE77} = {DF14E5FB-3C8A-4555-8A7B-EED61534FE77}
	EndProjectSection
EndProject
Project("{8BC9CEB8-8B4A-11D0-8D11-00A0C91BC942}") = "w32.com", "w32.com.vcproj", "{5CB087C7-ABDF-48DF-961A-CE2D06091840}"
	ProjectSection(ProjectDependencies) = postProject
		{61011C09-083A-410A-93AF-5E6CD4775865} = {61011C09-083A-410A-93AF-5E6CD4775865}
	EndProjectSection
EndProject
Project("{8BC9CEB8-8B4A-11D0-8D11-00A0C91BC942}") = "w32.xml.dom", "w32.xml.dom.vcproj", "{D39754BD-85D2-40B9-A7AF-46F399D7A8A1}"
	ProjectSection(ProjectDependencies) = postProject
		{61011C09-083A-410A-93AF-5E6CD4775865} = {61011C09-083A-410A-93AF-5E6CD4775865}
		{5CB087C7-ABDF-48DF-961A-CE2D06091840} = {5CB087C7-ABDF-48DF-961A-CE2D06091840}
	EndProjectSection
EndProject
Project("{8BC9CEB8-8B4A-11D0-8D11-00A0C91BC942}") = "w32.xml.sax", "w32.xml.sax.vcproj", "{3562DD44-00A3-4F44-ADEE-B3A5C7382712}"
	ProjectSection(ProjectDependencies) = postProject
		{61011C09-083A-410A-93AF-5E6CD4775865} = {61011C09-083A-410A-93AF-5E6CD4775865}
		{5CB087C7-ABDF-48DF-961A-CE2D06091840} = {5CB087C7-ABDF-48DF-961A-CE2D06091840}
	EndProjectSection
EndProject
Project("{8BC9CEB8-8B4A-11D0-8D11-00A0C91BC942}") = "w32.shl", "w32.shl.vcproj", "{C9DC3625-64E4-4D20-9CDD-C56B3A811B94}"
	ProjectSection(ProjectDependencies) = postProject
		{61011C09-083A-410A-93AF-5E6CD4775865} = {61011C09-083A-410A-93AF-5E6CD4775865}
		{9798391A-BE19-444F-A18B-835EDB3B851A} = {9798391A-BE19-444F-A18B-835EDB3B851A}
		{182DAB8B-4C90-4CDD-86AA-063A714919CC} = {182DAB8B-4C90-4CDD-86AA-063A714919CC}
		{5CB087C7-ABDF-48DF-961A-CE2D06091840} = {5CB087C7-ABDF-48DF-961A-CE2D06091840}
	EndProjectSection
EndProject
Project("{8BC9CEB8-8B4A-11D0-8D11-00A0C91BC942}") = "w32.shl.ext", "w32.shl.ext.vcproj", "{6640235D-42D6-45F4-9DC7-5ED3A50E35FD}"
	ProjectSection(ProjectDependencies) = postProject
		{61011C09-083A-410A-93AF-5E6CD4775865} = {61011C09-083A-410A-93AF-5E6CD4775865}
		{C9DC3625-64E4-4D20-9CDD-C56B3A811B94} = {C9DC3625-64E4-4D20-9CDD-C56B3A811B94}
		{61627339-BCDA-47EA-9033-285B2B208345} = {61627339-BCDA-47EA-9033-285B2B208345}
		{182DAB8B-4C90-4CDD-86AA-063A714919CC} = {182DAB8B-4C90-4CDD-86AA-063A714919CC}
		{5CB087C7-ABDF-48DF-961A-CE2D06091840} = {5CB087C7-ABDF-48DF-961A-CE2D06091840}
	EndProjectSection
EndProject
Project("{8BC9CEB8-8B4A-11D0-8D11-00A0C91BC942}") = "w32.msi", "w32.msi.vcproj", "{1541D84C-09C7-4DEC-BA01-528BF6CE6DFD}"
	ProjectSection(ProjectDependencies) = postProject
		{61011C09-083A-410A-93AF-5E6CD4775865} = {61011C09-083A-410A-93AF-5E6CD4775865}
	EndProjectSection
EndProject
Project("{8BC9CEB8-8B4A-11D0-8D11-00A0C91BC942}") = "w32.ts-1", "w32.ts-1.vcproj", "{1B60F158-8BD8-4298-8023-3E7213C3B378}"
	ProjectSection(ProjectDependencies) = postProject
		{61011C09-083A-410A-93AF-5E6CD4775865} = {61011C09-083A-410A-93AF-5E6CD4775865}
		{5CB087C7-ABDF-48DF-961A-CE2D06091840} = {5CB087C7-ABDF-48DF-961A-CE2D06091840}
	EndProjectSection
EndProject
Project("{8BC9CEB8-8B4A-11D0-8D11-00A0C91BC942}") = "w32.ts-2", "w32.ts-2.vcproj", "{9500BF2E-4819-4887-903D-A9DDAB66D425}"
	ProjectSection(ProjectDependencies) = postProject
		{61011C09-083A-410A-93AF-5E6CD4775865} = {61011C09-083A-410A-93AF-5E6CD4775865}
		{5CB087C7-ABDF-48DF-961A-CE2D06091840} = {5CB087C7-ABDF-48DF-961A-CE2D06091840}
	EndProjectSection
EndProject
Project("{8BC9CEB8-8B4A-11D0-8D11-00A0C91BC942}") = "w32.sy", "w32.sy.vcproj", "{2D570876-4D0D-427F-B84D-C752D4304E74}"
	ProjectSection(ProjectDependencies) = postProject
		{61011C09-083A-410A-93AF-5E6CD4775865} = {61011C09-083A-410A-93AF-5E6CD4775865}
		{85854619-D795-43A2-B8E7-157FA92C3402} = {85854619-D795-43A2-B8E7-157FA92C3402}
	EndProjectSection
EndProject
Project("{8BC9CEB8-8B4A-11D0-8D11-00A0C91BC942}") = "w32.cr", "w32.cr.vcproj", "{017CF0B7-2826-4F0B-8AAA-EE66D9FC26EE}"
	ProjectSection(ProjectDependencies) = postProject
		{61011C09-083A-410A-93AF-5E6CD4775865} = {61011C09-083A-410A-93AF-5E6CD4775865}
	EndProjectSection
EndProject
Project("{8BC9CEB8-8B4A-11D0-8D11-00A0C91BC942}") = "w32.in", "w32.in.vcproj", "{7F33DD88-FC9D-4899-A963-8DCA0427C2FD}"
	ProjectSection(ProjectDependencies) = postProject
		{61011C09-083A-410A-93AF-5E6CD4775865} = {61011C09-083A-410A-93AF-5E6CD4775865}
		{85854619-D795-43A2-B8E7-157FA92C3402} = {85854619-D795-43A2-B8E7-157FA92C3402}
		{61627339-BCDA-47EA-9033-285B2B208345} = {61627339-BCDA-47EA-9033-285B2B208345}
	EndProjectSection
EndProject
Global
	GlobalSection(SolutionConfigurationPlatforms) = preSolution
		dbg|Win32 = dbg|Win32
		Debug|Win32 = Debug|Win32
		opt|Win32 = opt|Win32
		Release|Win32 = Release|Win32
	EndGlobalSection
	GlobalSection(ProjectConfigurationPlatforms) = postSolution
		{61011C09-083A-410A-93AF-5E6CD4775865}.dbg|Win32.ActiveCfg = dbg|Win32
		{61011C09-083A-410A-93AF-5E6CD4775865}.dbg|Win32.Build.0 = dbg|Win32
		{61011C09-083A-410A-93AF-5E6CD4775865}.Debug|Win32.ActiveCfg = dbg|Win32
		{61011C09-083A-410A-93AF-5E6CD4775865}.Debug|Win32.Build.0 = dbg|Win32
		{61011C09-083A-410A-93AF-5E6CD4775865}.opt|Win32.ActiveCfg = opt|Win32
		{61011C09-083A-410A-93AF-5E6CD4775865}.opt|Win32.Build.0 = opt|Win32
		{61011C09-083A-410A-93AF-5E6CD4775865}.Release|Win32.ActiveCfg = opt|Win32
		{61011C09-083A-410A-93AF-5E6CD4775865}.Release|Win32.Build.0 = opt|Win32
		{61627339-BCDA-47EA-9033-285B2B208345}.dbg|Win32.ActiveCfg = dbg|Win32
		{61627339-BCDA-47EA-9033-285B2B208345}.dbg|Win32.Build.0 = dbg|Win32
		{61627339-BCDA-47EA-9033-285B2B208345}.Debug|Win32.ActiveCfg = dbg|Win32
		{61627339-BCDA-47EA-9033-285B2B208345}.Debug|Win32.Build.0 = dbg|Win32
		{61627339-BCDA-47EA-9033-285B2B208345}.opt|Win32.ActiveCfg = opt|Win32
		{61627339-BCDA-47EA-9033-285B2B208345}.opt|Win32.Build.0 = opt|Win32
		{61627339-BCDA-47EA-9033-285B2B208345}.Release|Win32.ActiveCfg = opt|Win32
		{61627339-BCDA-47EA-9033-285B2B208345}.Release|Win32.Build.0 = opt|Win32
		{DF14E5FB-3C8A-4555-8A7B-EED61534FE77}.dbg|Win32.ActiveCfg = dbg|Win32
		{DF14E5FB-3C8A-4555-8A7B-EED61534FE77}.dbg|Win32.Build.0 = dbg|Win32
		{DF14E5FB-3C8A-4555-8A7B-EED61534FE77}.Debug|Win32.ActiveCfg = dbg|Win32
		{DF14E5FB-3C8A-4555-8A7B-EED61534FE77}.Debug|Win32.Build.0 = dbg|Win32
		{DF14E5FB-3C8A-4555-8A7B-EED61534FE77}.opt|Win32.ActiveCfg = opt|Win32
		{DF14E5FB-3C8A-4555-8A7B-EED61534FE77}.opt|Win32.Build.0 = opt|Win32
		{DF14E5FB-3C8A-4555-8A7B-EED61534FE77}.Release|Win32.ActiveCfg = opt|Win32
		{DF14E5FB-3C8A-4555-8A7B-EED61534FE77}.Release|Win32.Build.0 = opt|Win32
		{CAE517EB-0A15-49E2-8E9B-0126390C4D47}.dbg|Win32.ActiveCfg = dbg|Win32
		{CAE517EB-0A15-49E2-8E9B-0126390C4D47}.dbg|Win32.Build.0 = dbg|Win32
		{CAE517EB-0A15-49E2-8E9B-0126390C4D47}.Debug|Win32.ActiveCfg = dbg|Win32
		{CAE517EB-0A15-49E2-8E9B-0126390C4D47}.Debug|Win32.Build.0 = dbg|Win32
		{CAE517EB-0A15-49E2-8E9B-0126390C4D47}.opt|Win32.ActiveCfg = opt|Win32
		{CAE517EB-0A15-49E2-8E9B-0126390C4D47}.opt|Win32.Build.0 = opt|Win32
		{CAE517EB-0A15-49E2-8E9B-0126390C4D47}.Release|Win32.ActiveCfg = opt|Win32
		{CAE517EB-0A15-49E2-8E9B-0126390C4D47}.Release|Win32.Build.0 = opt|Win32
		{CA8AE3FC-3EAF-419E-803C-9ACC9448593D}.dbg|Win32.ActiveCfg = dbg|Win32
		{CA8AE3FC-3EAF-419E-803C-9ACC9448593D}.dbg|Win32.Build.0 = dbg|Win32
		{CA8AE3FC-3EAF-419E-803C-9ACC9448593D}.Debug|Win32.ActiveCfg = dbg|Win32
		{CA8AE3FC-3EAF-419E-803C-9ACC9448593D}.Debug|Win32.Build.0 = dbg|Win32
		{CA8AE3FC-3EAF-419E-803C-9ACC9448593D}.opt|Win32.ActiveCfg = opt|Win32
		{CA8AE3FC-3EAF-419E-803C-9ACC9448593D}.opt|Win32.Build.0 = opt|Win32
		{CA8AE3FC-3EAF-419E-803C-9ACC9448593D}.Release|Win32.ActiveCfg = opt|Win32
		{CA8AE3FC-3EAF-419E-803C-9ACC9448593D}.Release|Win32.Build.0 = opt|Win32
		{4807A37B-88B9-4C2B-AF96-2FEA055E60BE}.dbg|Win32.ActiveCfg = dbg|Win32
		{4807A37B-88B9-4C2B-AF96-2FEA055E60BE}.dbg|Win32.Build.0 = dbg|Win32
		{4807A37B-88B9-4C2B-AF96-2FEA055E60BE}.Debug|Win32.ActiveCfg = dbg|Win32
		{4807A37B-88B9-4C2B-AF96-2FEA055E60BE}.Debug|Win32.Build.0 = dbg|Win32
		{4807A37B-88B9-4C2B-AF96-2FEA055E60BE}.opt|Win32.ActiveCfg = opt|Win32
		{4807A37B-88B9-4C2B-AF96-2FEA055E60BE}.opt|Win32.Build.0 = opt|Win32
		{4807A37B-88B9-4C2B-AF96-2FEA055E60BE}.Release|Win32.ActiveCfg = opt|Win32
		{4807A37B-88B9-4C2B-AF96-2FEA055E60BE}.Release|Win32.Build.0 = opt|Win32
		{85854619-D795-43A2-B8E7-157FA92C3402}.dbg|Win32.ActiveCfg = dbg|Win32
		{85854619-D795-43A2-B8E7-157FA92C3402}.dbg|Win32.Build.0 = dbg|Win32
		{85854619-D795-43A2-B8E7-157FA92C3402}.Debug|Win32.ActiveCfg = dbg|Win32
		{85854619-D795-43A2-B8E7-157FA92C3402}.Debug|Win32.Build.0 = dbg|Win32
		{85854619-D795-43A2-B8E7-157FA92C3402}.opt|Win32.ActiveCfg = opt|Win32
		{85854619-D795-43A2-B8E7-157FA92C3402}.opt|Win32.Build.0 = opt|Win32
		{85854619-D795-43A2-B8E7-157FA92C3402}.Release|Win32.ActiveCfg = opt|Win32
		{85854619-D795-43A2-B8E7-157FA92C3402}.Release|Win32.Build.0 = opt|Win32
		{9798391A-BE19-444F-A18B-835EDB3B851A}.dbg|Win32.ActiveCfg = dbg|Win32
		{9798391A-BE19-444F-A18B-835EDB3B851A}.dbg|Win32.Build.0 = dbg|Win32
		{9798391A-BE19-444F-A18B-835EDB3B851A}.Debug|Win32.ActiveCfg = dbg|Win32
		{9798391A-BE19-444F-A18B-835EDB3B851A}.Debug|Win32.Build.0 = dbg|Win32
		{9798391A-BE19-444F-A18B-835EDB3B851A}.opt|Win32.ActiveCfg = opt|Win32
		{9798391A-BE19-444F-A18B-835EDB3B851A}.opt|Win32.Build.0 = opt|Win32
		{9798391A-BE19-444F-A18B-835EDB3B851A}.Release|Win32.ActiveCfg = opt|Win32
		{9798391A-BE19-444F-A18B-835EDB3B851A}.Release|Win32.Build.0 = opt|Win32
		{871C9846-8B31-4225-B83F-A1213F1162DF}.dbg|Win32.ActiveCfg = dbg|Win32
		{871C9846-8B31-4225-B83F-A1213F1162DF}.dbg|Win32.Build.0 = dbg|Win32
		{871C9846-8B31-4225-B83F-A1213F1162DF}.Debug|Win32.ActiveCfg = dbg|Win32
		{871C9846-8B31-4225-B83F-A1213F1162DF}.Debug|Win32.Build.0 = dbg|Win32
		{871C9846-8B31-4225-B83F-A1213F1162DF}.opt|Win32.ActiveCfg = opt|Win32
		{871C9846-8B31-4225-B83F-A1213F1162DF}.opt|Win32.Build.0 = opt|Win32
		{871C9846-8B31-4225-B83F-A1213F1162DF}.Release|Win32.ActiveCfg = opt|Win32
		{871C9846-8B31-4225-B83F-A1213F1162DF}.Release|Win32.Build.0 = opt|Win32
		{FEB2C938-CBD9-40C2-9627-4969EDD35EE3}.dbg|Win32.ActiveCfg = dbg|Win32
		{FEB2C938-CBD9-40C2-9627-4969EDD35EE3}.dbg|Win32.Build.0 = dbg|Win32
		{FEB2C938-CBD9-40C2-9627-4969EDD35EE3}.Debug|Win32.ActiveCfg = dbg|Win32
		{FEB2C938-CBD9-40C2-9627-4969EDD35EE3}.Debug|Win32.Build.0 = dbg|Win32
		{FEB2C938-CBD9-40C2-9627-4969EDD35EE3}.opt|Win32.ActiveCfg = opt|Win32
		{FEB2C938-CBD9-40C2-9627-4969EDD35EE3}.opt|Win32.Build.0 = opt|Win32
		{FEB2C938-CBD9-40C2-9627-4969EDD35EE3}.Release|Win32.ActiveCfg = opt|Win32
		{FEB2C938-CBD9-40C2-9627-4969EDD35EE3}.Release|Win32.Build.0 = opt|Win32
		{182DAB8B-4C90-4CDD-86AA-063A714919CC}.dbg|Win32.ActiveCfg = dbg|Win32
		{182DAB8B-4C90-4CDD-86AA-063A714919CC}.dbg|Win32.Build.0 = dbg|Win32
		{182DAB8B-4C90-4CDD-86AA-063A714919CC}.Debug|Win32.ActiveCfg = dbg|Win32
		{182DAB8B-4C90-4CDD-86AA-063A714919CC}.Debug|Win32.Build.0 = dbg|Win32
		{182DAB8B-4C90-4CDD-86AA-063A714919CC}.opt|Win32.ActiveCfg = opt|Win32
		{182DAB8B-4C90-4CDD-86AA-063A714919CC}.opt|Win32.Build.0 = opt|Win32
		{182DAB8B-4C90-4CDD-86AA-063A714919CC}.Release|Win32.ActiveCfg = opt|Win32
		{182DAB8B-4C90-4CDD-86AA-063A714919CC}.Release|Win32.Build.0 = opt|Win32
		{5CB087C7-ABDF-48DF-961A-CE2D06091840}.dbg|Win32.ActiveCfg = dbg|Win32
		{5CB087C7-ABDF-48DF-961A-CE2D06091840}.dbg|Win32.Build.0 = dbg|Win32
		{5CB087C7-ABDF-48DF-961A-CE2D06091840}.Debug|Win32.ActiveCfg = dbg|Win32
		{5CB087C7-ABDF-48DF-961A-CE2D06091840}.Debug|Win32.Build.0 = dbg|Win32
		{5CB087C7-ABDF-48DF-961A-CE2D06091840}.opt|Win32.ActiveCfg = opt|Win32
		{5CB087C7-ABDF-48DF-961A-CE2D06091840}.opt|Win32.Build.0 = opt|Win32
		{5CB087C7-ABDF-48DF-961A-CE2D06091840}.Release|Win32.ActiveCfg = opt|Win32
		{5CB087C7-ABDF-48DF-961A-CE2D06091840}.Release|Win32.Build.0 = opt|Win32
		{D39754BD-85D2-40B9-A7AF-46F399D7A8A1}.dbg|Win32.ActiveCfg = dbg|Win32
		{D39754BD-85D2-40B9-A7AF-46F399D7A8A1}.dbg|Win32.Build.0 = dbg|Win32
		{D39754BD-85D2-40B9-A7AF-46F399D7A8A1}.Debug|Win32.ActiveCfg = dbg|Win32
		{D39754BD-85D2-40B9-A7AF-46F399D7A8A1}.Debug|Win32.Build.0 = dbg|Win32
		{D39754BD-85D2-40B9-A7AF-46F399D7A8A1}.opt|Win32.ActiveCfg = opt|Win32
		{D39754BD-85D2-40B9-A7AF-46F399D7A8A1}.opt|Win32.Build.0 = opt|Win32
		{D39754BD-85D2-40B9-A7AF-46F399D7A8A1}.Release|Win32.ActiveCfg = opt|Win32
		{D39754BD-85D2-40B9-A7AF-46F399D7A8A1}.Release|Win32.Build.0 = opt|Win32
		{3562DD44-00A3-4F44-ADEE-B3A5C7382712}.dbg|Win32.ActiveCfg = dbg|Win32
		{3562DD44-00A3-4F44-ADEE-B3A5C7382712}.dbg|Win32.Build.0 = dbg|Win32
		{3562DD44-00A3-4F44-ADEE-B3A5C7382712}.Debug|Win32.ActiveCfg = dbg|Win32
		{3562DD44-00A3-4F44-ADEE-B3A5C7382712}.Debug|Win32.Build.0 = dbg|Win32
		{3562DD44-00A3-4F44-ADEE-B3A5C7382712}.opt|Win32.ActiveCfg = opt|Win32
		{3562DD44-00A3-4F44-ADEE-B3A5C7382712}.opt|Win32.Build.0 = opt|Win32
		{3562DD44-00A3-4F44-ADEE-B3A5C7382712}.Release|Win32.ActiveCfg = opt|Win32
		{3562DD44-00A3-4F44-ADEE-B3A5C7382712}.Release|Win32.Build.0 = opt|Win32
		{C9DC3625-64E4-4D20-9CDD-C56B3A811B94}.dbg|Win32.ActiveCfg = dbg|Win32
		{C9DC3625-64E4-4D20-9CDD-C56B3A811B94}.dbg|Win32.Build.0 = dbg|Win32
		{C9DC3625-64E4-4D20-9CDD-C56B3A811B94}.Debug|Win32.ActiveCfg = dbg|Win32
		{C9DC3625-64E4-4D20-9CDD-C56B3A811B94}.Debug|Win32.Build.0 = dbg|Win32
		{C9DC3625-64E4-4D20-9CDD-C56B3A811B94}.opt|Win32.ActiveCfg = opt|Win32
		{C9DC3625-64E4-4D20-9CDD-C56B3A811B94}.opt|Win32.Build.0 = opt|Win32
		{C9DC3625-64E4-4D20-9CDD-C56B3A811B94}.Release|Win32.ActiveCfg = opt|Win32
		{C9DC3625-64E4-4D20-9CDD-C56B3A811B94}.Release|Win32.Build.0 = opt|Win32
		{6640235D-42D6-45F4-9DC7-5ED3A50E35FD}.dbg|Win32.ActiveCfg = dbg|Win32
		{6640235D-42D6-45F4-9DC7-5ED3A50E35FD}.dbg|Win32.Build.0 = dbg|Win32
		{6640235D-42D6-45F4-9DC7-5ED3A50E35FD}.Debug|Win32.ActiveCfg = dbg|Win32
		{6640235D-42D6-45F4-9DC7-5ED3A50E35FD}.Debug|Win32.Build.0 = dbg|Win32
		{6640235D-42D6-45F4-9DC7-5ED3A50E35FD}.opt|Win32.ActiveCfg = opt|Win32
		{6640235D-42D6-45F4-9DC7-5ED3A50E35FD}.opt|Win32.Build.0 = opt|Win32
		{6640235D-42D6-45F4-9DC7-5ED3A50E35FD}.Release|Win32.ActiveCfg = opt|Win32
		{6640235D-42D6-45F4-9DC7-5ED3A50E35FD}.Release|Win32.Build.0 = opt|Win32
		{1541D84C-09C7-4DEC-BA01-528BF6CE6DFD}.dbg|Win32.ActiveCfg = dbg|Win32
		{1541D84C-09C7-4DEC-BA01-528BF6CE6DFD}.dbg|Win32.Build.0 = dbg|Win32
		{1541D84C-09C7-4DEC-BA01-528BF6CE6DFD}.Debug|Win32.ActiveCfg = dbg|Win32
		{1541D84C-09C7-4DEC-BA01-528BF6CE6DFD}.Debug|Win32.Build.0 = dbg|Win32
		{1541D84C-09C7-4DEC-BA01-528BF6CE6DFD}.opt|Win32.ActiveCfg = opt|Win32
		{1541D84C-09C7-4DEC-BA01-528BF6CE6DFD}.opt|Win32.Build.0 = opt|Win32
		{1541D84C-09C7-4DEC-BA01-528BF6CE6DFD}.Release|Win32.ActiveCfg = opt|Win32
		{1541D84C-09C7-4DEC-BA01-528BF6CE6DFD}.Release|Win32.Build.0 = opt|Win32
		{1B60F158-8BD8-4298-8023-3E7213C3B378}.dbg|Win32.ActiveCfg = dbg|Win32
		{1B60F158-8BD8-4298-8023-3E7213C3B378}.dbg|Win32.Build.0 = dbg|Win32
		{1B60F158-8BD8-4298-8023-3E7213C3B378}.Debug|Win32.ActiveCfg = dbg|Win32
		{1B60F158-8BD8-4298-8023-3E7213C3B378}.Debug|Win32.Build.0 = dbg|Win32
		{1B60F158-8BD8-4298-8023-3E7213C3B378}.opt|Win32.ActiveCfg = opt|Win32
		{1B60F158-8BD8-4298-8023-3E7213C3B378}.opt|Win32.Build.0 = opt|Win32
		{1B60F158-8BD8-4298-8023-3E7213C3B378}.Release|Win32.ActiveCfg = opt|Win32
		{1B60F158-8BD8-4298-8023-3E7213C3B378}.Release|Win32.Build.0 = opt|Win32
		{9500BF2E-4819-4887-903D-A9DDAB66D425}.dbg|Win32.ActiveCfg = dbg|Win32
		{9500BF2E-4819-4887-903D-A9DDAB66D425}.dbg|Win32.Build.0 = dbg|Win32
		{9500BF2E-4819-4887-903D-A9DDAB66D425}.Debug|Win32.ActiveCfg = dbg|Win32
		{9500BF2E-4819-4887-903D-A9DDAB66D425}.Debug|Win32.Build.0 = dbg|Win32
		{9500BF2E-4819-4887-903D-A9DDAB66D425}.opt|Win32.ActiveCfg = opt|Win32
		{9500BF2E-4819-4887-903D-A9DDAB66D425}.opt|Win32.Build.0 = opt|Win32
		{9500BF2E-4819-4887-903D-A9DDAB66D425}.Release|Win32.ActiveCfg = opt|Win32
		{9500BF2E-4819-4887-903D-A9DDAB66D425}.Release|Win32.Build.0 = opt|Win32
		{2D570876-4D0D-427F-B84D-C752D4304E74}.dbg|Win32.ActiveCfg = dbg|Win32
		{2D570876-4D0D-427F-B84D-C752D4304E74}.dbg|Win32.Build.0 = dbg|Win32
		{2D570876-4D0D-427F-B84D-C752D4304E74}.Debug|Win32.ActiveCfg = dbg|Win32
		{2D570876-4D0D-427F-B84D-C752D4304E74}.Debug|Win32.Build.0 = dbg|Win32
		{2D570876-4D0D-427F-B84D-C752D4304E74}.opt|Win32.ActiveCfg = opt|Win32
		{2D570876-4D0D-427F-B84D-C752D4304E74}.opt|Win32.Build.0 = opt|Win32
		{2D570876-4D0D-427F-B84D-C752D4304E74}.Release|Win32.ActiveCfg = opt|Win32
		{2D570876-4D0D-427F-B84D-C752D4304E74}.Release|Win32.Build.0 = opt|Win32
		{017CF0B7-2826-4F0B-8AAA-EE66D9FC26EE}.dbg|Win32.ActiveCfg = dbg|Win32
		{017CF0B7-2826-4F0B-8AAA-EE66D9FC26EE}.dbg|Win32.Build.0 = dbg|Win32
		{017CF0B7-2826-4F0B-8AAA-EE66D9FC26EE}.Debug|Win32.ActiveCfg = dbg|Win32
		{017CF0B7-2826-4F0B-8AAA-EE66D9FC26EE}.Debug|Win32.Build.0 = dbg|Win32
		{017CF0B7-2826-4F0B-8AAA-EE66D9FC26EE}.opt|Win32.ActiveCfg = opt|Win32
		{017CF0B7-2826-4F0B-8AAA-EE66D9FC26EE}.opt|Win32.Build.0 = opt|Win32
		{017CF0B7-2826-4F0B-8AAA-EE66D9FC26EE}.Release|Win32.ActiveCfg = opt|Win32
		{017CF0B7-2826-4F0B-8AAA-EE66D9FC26EE}.Release|Win32.Build.0 = opt|Win32
		{7F33DD88-FC9D-4899-A963-8DCA0427C2FD}.dbg|Win32.ActiveCfg = dbg|Win32
		{7F33DD88-FC9D-4899-A963-8DCA0427C2FD}.dbg|Win32.Build.0 = dbg|Win32
		{7F33DD88-FC9D-4899-A963-8DCA0427C2FD}.Debug|Win32.ActiveCfg = dbg|Win32
		{7F33DD88-FC9D-4899-A963-8DCA0427C2FD}.Debug|Win32.Build.0 = dbg|Win32
		{7F33DD88-FC9D-4899-A963-8DCA0427C2FD}.opt|Win32.ActiveCfg = opt|Win32
		{7F33DD88-FC9D-4899-A963-8DCA0427C2FD}.opt|Win32.Build.0 = opt|Win32
		{7F33DD88-FC9D-4899-A963-8DCA0427C2FD}.Release|Win32.ActiveCfg = opt|Win32
		{7F33DD88-FC9D-4899-A963-8DCA0427C2FD}.Release|Win32.Build.0 = opt|Win32
	EndGlobalSection
	GlobalSection(SolutionProperties) = preSolution
		HideSolutionNode = FALSE
	EndGlobalSection
EndGlobal
