
Microsoft Visual Studio Solution File, Format Version 10.00
# Visual C++ Express 2008
Project("{8BC9CEB8-8B4A-11D0-8D11-00A0C91BC942}") = "ftp-client", "ftp-client\ftp-client.vcproj", "{93E12B5A-ABC1-4768-843C-C3628E640840}"
EndProject
Project("{8BC9CEB8-8B4A-11D0-8D11-00A0C91BC942}") = "screen-capture", "screen-capture\screen-capture.vcproj", "{A3CD3142-0584-4F41-8B10-CABB6EA9BF57}"
EndProject
Project("{8BC9CEB8-8B4A-11D0-8D11-00A0C91BC942}") = "stream-my-screen", "stream-my-screen\stream-my-screen.vcproj", "{FA26632C-8295-412C-9EBB-30413123BFE2}"
EndProject
Project("{8BC9CEB8-8B4A-11D0-8D11-00A0C91BC942}") = "splash-screen", "splash-screen\splash-screen.vcproj", "{43911184-1749-4ACC-9FAA-09D9EC8E5901}"
EndProject
Project("{8BC9CEB8-8B4A-11D0-8D11-00A0C91BC942}") = "tcp-client", "tcp-client\tcp-client.vcproj", "{48CDDA74-DBCC-4CFD-ACCA-98C0BEF40C37}"
EndProject
Project("{8BC9CEB8-8B4A-11D0-8D11-00A0C91BC942}") = "tcp-server", "tcp-server\tcp-server.vcproj", "{3C6ECAD9-472F-473F-83C2-BFFFC6254758}"
EndProject
Project("{8BC9CEB8-8B4A-11D0-8D11-00A0C91BC942}") = "registry", "registry\registry.vcproj", "{F19C45B8-2380-42B5-9BDB-38EF539A633B}"
EndProject
Project("{8BC9CEB8-8B4A-11D0-8D11-00A0C91BC942}") = "hardlink", "hardlink\hardlink.vcproj", "{220F34D6-7C11-46A9-80C9-ECF775D9BE62}"
EndProject
Project("{8BC9CEB8-8B4A-11D0-8D11-00A0C91BC942}") = "junction", "junction\junction.vcproj", "{86013DCB-0F93-48A2-98DA-EE5E7ECA61AA}"
EndProject
Project("{8BC9CEB8-8B4A-11D0-8D11-00A0C91BC942}") = "symbolic-link", "symbolic-link\symbolic-link.vcproj", "{4DB88B70-CAC5-4FA0-BBDC-74D555E51FD6}"
EndProject
Project("{8BC9CEB8-8B4A-11D0-8D11-00A0C91BC942}") = "event-source", "event-source\event-source.vcproj", "{A0B5496E-3B4B-49D8-B0EC-1A37DB5880BA}"
EndProject
Project("{8BC9CEB8-8B4A-11D0-8D11-00A0C91BC942}") = "large-file-mapping", "large-file-mapping\large-file-mapping.vcproj", "{1513A37A-5556-481A-B590-7561FE44020F}"
EndProject
Project("{8BC9CEB8-8B4A-11D0-8D11-00A0C91BC942}") = "dns-resolve", "dns-resolve\dns-resolve.vcproj", "{A79047B2-76EC-4BF4-9527-8E9111739783}"
EndProject
Project("{8BC9CEB8-8B4A-11D0-8D11-00A0C91BC942}") = "c10k-server", "c10k-server\c10k-server.vcproj", "{786308F4-59C9-47C0-92B7-CA85939E07EA}"
EndProject
Project("{8BC9CEB8-8B4A-11D0-8D11-00A0C91BC942}") = "pnm-thumbnails", "pnm-thumbnails\pnm-thumbnails.vcproj", "{09E0BC71-90CB-41CF-8685-6A74CD66E596}"
EndProject
Project("{8BC9CEB8-8B4A-11D0-8D11-00A0C91BC942}") = "tga-thumbnails", "tga-thumbnails\tga-thumbnails.vcproj", "{86D8D5CF-D43A-452C-8141-DDC1F8541349}"
EndProject
Project("{8BC9CEB8-8B4A-11D0-8D11-00A0C91BC942}") = "installed-products", "installed-products\installed-products.vcproj", "{3D2446B6-6B3E-46BA-86D6-B629A84B43AD}"
EndProject
Project("{8BC9CEB8-8B4A-11D0-8D11-00A0C91BC942}") = "task-scheduler-1", "task-scheduler-1\task-scheduler-1.vcproj", "{EFC4567B-A377-4842-B47B-A738A2E08FAE}"
EndProject
Project("{8BC9CEB8-8B4A-11D0-8D11-00A0C91BC942}") = "python-msi-plugin", "python-msi-plugin\python-msi-plugin.vcproj", "{D9FD0E10-5C84-42B2-B265-AECAB9063660}"
EndProject
Project("{8BC9CEB8-8B4A-11D0-8D11-00A0C91BC942}") = "com-instantiate", "com-instantiate\com-instantiate.vcproj", "{7A2B207B-6E2B-4FEA-BBF9-4B6F1A84EF72}"
EndProject
Project("{8BC9CEB8-8B4A-11D0-8D11-00A0C91BC942}") = "wallpaper-swapper", "wallpaper-swapper\wallpaper-swapper.vcproj", "{55EBD099-B316-4D3A-89E0-B70D4D0859ED}"
EndProject
Project("{8BC9CEB8-8B4A-11D0-8D11-00A0C91BC942}") = "shell-ls", "shell-ls\shell-ls.vcproj", "{2BC2262C-72C8-4433-ABEA-17CF113AE66C}"
EndProject
Project("{8BC9CEB8-8B4A-11D0-8D11-00A0C91BC942}") = "namespace-ftp", "namespace-ftp\namespace-ftp.vcproj", "{D0D265C9-B5E7-4050-86EA-1289DBA57CD8}"
EndProject
Project("{8BC9CEB8-8B4A-11D0-8D11-00A0C91BC942}") = "namespace-tester", "namespace-tester\namespace-tester.vcproj", "{05467BE3-8B9C-4834-96EB-36A24A9354A7}"
EndProject
Project("{8BC9CEB8-8B4A-11D0-8D11-00A0C91BC942}") = "thread-pools", "thread-pools\thread-pools.vcproj", "{477C0AF8-76F0-4690-BE47-A3C7B8B4E2DB}"
EndProject
Global
	GlobalSection(SolutionConfigurationPlatforms) = preSolution
		dbg|Win32 = dbg|Win32
		Debug|Win32 = Debug|Win32
		opt|Win32 = opt|Win32
		Release|Win32 = Release|Win32
	EndGlobalSection
	GlobalSection(ProjectConfigurationPlatforms) = postSolution
		{93E12B5A-ABC1-4768-843C-C3628E640840}.dbg|Win32.ActiveCfg = dbg|Win32
		{93E12B5A-ABC1-4768-843C-C3628E640840}.dbg|Win32.Build.0 = dbg|Win32
		{93E12B5A-ABC1-4768-843C-C3628E640840}.Debug|Win32.ActiveCfg = dbg|Win32
		{93E12B5A-ABC1-4768-843C-C3628E640840}.Debug|Win32.Build.0 = dbg|Win32
		{93E12B5A-ABC1-4768-843C-C3628E640840}.opt|Win32.ActiveCfg = opt|Win32
		{93E12B5A-ABC1-4768-843C-C3628E640840}.opt|Win32.Build.0 = opt|Win32
		{93E12B5A-ABC1-4768-843C-C3628E640840}.Release|Win32.ActiveCfg = opt|Win32
		{93E12B5A-ABC1-4768-843C-C3628E640840}.Release|Win32.Build.0 = opt|Win32
		{A3CD3142-0584-4F41-8B10-CABB6EA9BF57}.dbg|Win32.ActiveCfg = dbg|Win32
		{A3CD3142-0584-4F41-8B10-CABB6EA9BF57}.dbg|Win32.Build.0 = dbg|Win32
		{A3CD3142-0584-4F41-8B10-CABB6EA9BF57}.Debug|Win32.ActiveCfg = dbg|Win32
		{A3CD3142-0584-4F41-8B10-CABB6EA9BF57}.Debug|Win32.Build.0 = dbg|Win32
		{A3CD3142-0584-4F41-8B10-CABB6EA9BF57}.opt|Win32.ActiveCfg = opt|Win32
		{A3CD3142-0584-4F41-8B10-CABB6EA9BF57}.opt|Win32.Build.0 = opt|Win32
		{A3CD3142-0584-4F41-8B10-CABB6EA9BF57}.Release|Win32.ActiveCfg = opt|Win32
		{A3CD3142-0584-4F41-8B10-CABB6EA9BF57}.Release|Win32.Build.0 = opt|Win32
		{FA26632C-8295-412C-9EBB-30413123BFE2}.dbg|Win32.ActiveCfg = dbg|Win32
		{FA26632C-8295-412C-9EBB-30413123BFE2}.dbg|Win32.Build.0 = dbg|Win32
		{FA26632C-8295-412C-9EBB-30413123BFE2}.Debug|Win32.ActiveCfg = dbg|Win32
		{FA26632C-8295-412C-9EBB-30413123BFE2}.Debug|Win32.Build.0 = dbg|Win32
		{FA26632C-8295-412C-9EBB-30413123BFE2}.opt|Win32.ActiveCfg = opt|Win32
		{FA26632C-8295-412C-9EBB-30413123BFE2}.opt|Win32.Build.0 = opt|Win32
		{FA26632C-8295-412C-9EBB-30413123BFE2}.Release|Win32.ActiveCfg = opt|Win32
		{FA26632C-8295-412C-9EBB-30413123BFE2}.Release|Win32.Build.0 = opt|Win32
		{43911184-1749-4ACC-9FAA-09D9EC8E5901}.dbg|Win32.ActiveCfg = dbg|Win32
		{43911184-1749-4ACC-9FAA-09D9EC8E5901}.dbg|Win32.Build.0 = dbg|Win32
		{43911184-1749-4ACC-9FAA-09D9EC8E5901}.Debug|Win32.ActiveCfg = dbg|Win32
		{43911184-1749-4ACC-9FAA-09D9EC8E5901}.Debug|Win32.Build.0 = dbg|Win32
		{43911184-1749-4ACC-9FAA-09D9EC8E5901}.opt|Win32.ActiveCfg = opt|Win32
		{43911184-1749-4ACC-9FAA-09D9EC8E5901}.opt|Win32.Build.0 = opt|Win32
		{43911184-1749-4ACC-9FAA-09D9EC8E5901}.Release|Win32.ActiveCfg = opt|Win32
		{43911184-1749-4ACC-9FAA-09D9EC8E5901}.Release|Win32.Build.0 = opt|Win32
		{48CDDA74-DBCC-4CFD-ACCA-98C0BEF40C37}.dbg|Win32.ActiveCfg = dbg|Win32
		{48CDDA74-DBCC-4CFD-ACCA-98C0BEF40C37}.dbg|Win32.Build.0 = dbg|Win32
		{48CDDA74-DBCC-4CFD-ACCA-98C0BEF40C37}.Debug|Win32.ActiveCfg = dbg|Win32
		{48CDDA74-DBCC-4CFD-ACCA-98C0BEF40C37}.Debug|Win32.Build.0 = dbg|Win32
		{48CDDA74-DBCC-4CFD-ACCA-98C0BEF40C37}.opt|Win32.ActiveCfg = opt|Win32
		{48CDDA74-DBCC-4CFD-ACCA-98C0BEF40C37}.opt|Win32.Build.0 = opt|Win32
		{48CDDA74-DBCC-4CFD-ACCA-98C0BEF40C37}.Release|Win32.ActiveCfg = opt|Win32
		{48CDDA74-DBCC-4CFD-ACCA-98C0BEF40C37}.Release|Win32.Build.0 = opt|Win32
		{3C6ECAD9-472F-473F-83C2-BFFFC6254758}.dbg|Win32.ActiveCfg = dbg|Win32
		{3C6ECAD9-472F-473F-83C2-BFFFC6254758}.dbg|Win32.Build.0 = dbg|Win32
		{3C6ECAD9-472F-473F-83C2-BFFFC6254758}.Debug|Win32.ActiveCfg = dbg|Win32
		{3C6ECAD9-472F-473F-83C2-BFFFC6254758}.Debug|Win32.Build.0 = dbg|Win32
		{3C6ECAD9-472F-473F-83C2-BFFFC6254758}.opt|Win32.ActiveCfg = opt|Win32
		{3C6ECAD9-472F-473F-83C2-BFFFC6254758}.opt|Win32.Build.0 = opt|Win32
		{3C6ECAD9-472F-473F-83C2-BFFFC6254758}.Release|Win32.ActiveCfg = opt|Win32
		{3C6ECAD9-472F-473F-83C2-BFFFC6254758}.Release|Win32.Build.0 = opt|Win32
		{F19C45B8-2380-42B5-9BDB-38EF539A633B}.dbg|Win32.ActiveCfg = dbg|Win32
		{F19C45B8-2380-42B5-9BDB-38EF539A633B}.dbg|Win32.Build.0 = dbg|Win32
		{F19C45B8-2380-42B5-9BDB-38EF539A633B}.Debug|Win32.ActiveCfg = dbg|Win32
		{F19C45B8-2380-42B5-9BDB-38EF539A633B}.Debug|Win32.Build.0 = dbg|Win32
		{F19C45B8-2380-42B5-9BDB-38EF539A633B}.opt|Win32.ActiveCfg = opt|Win32
		{F19C45B8-2380-42B5-9BDB-38EF539A633B}.opt|Win32.Build.0 = opt|Win32
		{F19C45B8-2380-42B5-9BDB-38EF539A633B}.Release|Win32.ActiveCfg = opt|Win32
		{F19C45B8-2380-42B5-9BDB-38EF539A633B}.Release|Win32.Build.0 = opt|Win32
		{220F34D6-7C11-46A9-80C9-ECF775D9BE62}.dbg|Win32.ActiveCfg = dbg|Win32
		{220F34D6-7C11-46A9-80C9-ECF775D9BE62}.dbg|Win32.Build.0 = dbg|Win32
		{220F34D6-7C11-46A9-80C9-ECF775D9BE62}.Debug|Win32.ActiveCfg = dbg|Win32
		{220F34D6-7C11-46A9-80C9-ECF775D9BE62}.Debug|Win32.Build.0 = dbg|Win32
		{220F34D6-7C11-46A9-80C9-ECF775D9BE62}.opt|Win32.ActiveCfg = opt|Win32
		{220F34D6-7C11-46A9-80C9-ECF775D9BE62}.opt|Win32.Build.0 = opt|Win32
		{220F34D6-7C11-46A9-80C9-ECF775D9BE62}.Release|Win32.ActiveCfg = opt|Win32
		{220F34D6-7C11-46A9-80C9-ECF775D9BE62}.Release|Win32.Build.0 = opt|Win32
		{86013DCB-0F93-48A2-98DA-EE5E7ECA61AA}.dbg|Win32.ActiveCfg = dbg|Win32
		{86013DCB-0F93-48A2-98DA-EE5E7ECA61AA}.dbg|Win32.Build.0 = dbg|Win32
		{86013DCB-0F93-48A2-98DA-EE5E7ECA61AA}.Debug|Win32.ActiveCfg = dbg|Win32
		{86013DCB-0F93-48A2-98DA-EE5E7ECA61AA}.Debug|Win32.Build.0 = dbg|Win32
		{86013DCB-0F93-48A2-98DA-EE5E7ECA61AA}.opt|Win32.ActiveCfg = opt|Win32
		{86013DCB-0F93-48A2-98DA-EE5E7ECA61AA}.opt|Win32.Build.0 = opt|Win32
		{86013DCB-0F93-48A2-98DA-EE5E7ECA61AA}.Release|Win32.ActiveCfg = opt|Win32
		{86013DCB-0F93-48A2-98DA-EE5E7ECA61AA}.Release|Win32.Build.0 = opt|Win32
		{4DB88B70-CAC5-4FA0-BBDC-74D555E51FD6}.dbg|Win32.ActiveCfg = dbg|Win32
		{4DB88B70-CAC5-4FA0-BBDC-74D555E51FD6}.dbg|Win32.Build.0 = dbg|Win32
		{4DB88B70-CAC5-4FA0-BBDC-74D555E51FD6}.Debug|Win32.ActiveCfg = dbg|Win32
		{4DB88B70-CAC5-4FA0-BBDC-74D555E51FD6}.Debug|Win32.Build.0 = dbg|Win32
		{4DB88B70-CAC5-4FA0-BBDC-74D555E51FD6}.opt|Win32.ActiveCfg = opt|Win32
		{4DB88B70-CAC5-4FA0-BBDC-74D555E51FD6}.opt|Win32.Build.0 = opt|Win32
		{4DB88B70-CAC5-4FA0-BBDC-74D555E51FD6}.Release|Win32.ActiveCfg = opt|Win32
		{4DB88B70-CAC5-4FA0-BBDC-74D555E51FD6}.Release|Win32.Build.0 = opt|Win32
		{A0B5496E-3B4B-49D8-B0EC-1A37DB5880BA}.dbg|Win32.ActiveCfg = dbg|Win32
		{A0B5496E-3B4B-49D8-B0EC-1A37DB5880BA}.dbg|Win32.Build.0 = dbg|Win32
		{A0B5496E-3B4B-49D8-B0EC-1A37DB5880BA}.Debug|Win32.ActiveCfg = dbg|Win32
		{A0B5496E-3B4B-49D8-B0EC-1A37DB5880BA}.Debug|Win32.Build.0 = dbg|Win32
		{A0B5496E-3B4B-49D8-B0EC-1A37DB5880BA}.opt|Win32.ActiveCfg = opt|Win32
		{A0B5496E-3B4B-49D8-B0EC-1A37DB5880BA}.opt|Win32.Build.0 = opt|Win32
		{A0B5496E-3B4B-49D8-B0EC-1A37DB5880BA}.Release|Win32.ActiveCfg = opt|Win32
		{A0B5496E-3B4B-49D8-B0EC-1A37DB5880BA}.Release|Win32.Build.0 = opt|Win32
		{1513A37A-5556-481A-B590-7561FE44020F}.dbg|Win32.ActiveCfg = dbg|Win32
		{1513A37A-5556-481A-B590-7561FE44020F}.dbg|Win32.Build.0 = dbg|Win32
		{1513A37A-5556-481A-B590-7561FE44020F}.Debug|Win32.ActiveCfg = dbg|Win32
		{1513A37A-5556-481A-B590-7561FE44020F}.Debug|Win32.Build.0 = dbg|Win32
		{1513A37A-5556-481A-B590-7561FE44020F}.opt|Win32.ActiveCfg = opt|Win32
		{1513A37A-5556-481A-B590-7561FE44020F}.opt|Win32.Build.0 = opt|Win32
		{1513A37A-5556-481A-B590-7561FE44020F}.Release|Win32.ActiveCfg = opt|Win32
		{1513A37A-5556-481A-B590-7561FE44020F}.Release|Win32.Build.0 = opt|Win32
		{A79047B2-76EC-4BF4-9527-8E9111739783}.dbg|Win32.ActiveCfg = dbg|Win32
		{A79047B2-76EC-4BF4-9527-8E9111739783}.dbg|Win32.Build.0 = dbg|Win32
		{A79047B2-76EC-4BF4-9527-8E9111739783}.Debug|Win32.ActiveCfg = dbg|Win32
		{A79047B2-76EC-4BF4-9527-8E9111739783}.Debug|Win32.Build.0 = dbg|Win32
		{A79047B2-76EC-4BF4-9527-8E9111739783}.opt|Win32.ActiveCfg = opt|Win32
		{A79047B2-76EC-4BF4-9527-8E9111739783}.opt|Win32.Build.0 = opt|Win32
		{A79047B2-76EC-4BF4-9527-8E9111739783}.Release|Win32.ActiveCfg = opt|Win32
		{A79047B2-76EC-4BF4-9527-8E9111739783}.Release|Win32.Build.0 = opt|Win32
		{786308F4-59C9-47C0-92B7-CA85939E07EA}.dbg|Win32.ActiveCfg = dbg|Win32
		{786308F4-59C9-47C0-92B7-CA85939E07EA}.dbg|Win32.Build.0 = dbg|Win32
		{786308F4-59C9-47C0-92B7-CA85939E07EA}.Debug|Win32.ActiveCfg = dbg|Win32
		{786308F4-59C9-47C0-92B7-CA85939E07EA}.Debug|Win32.Build.0 = dbg|Win32
		{786308F4-59C9-47C0-92B7-CA85939E07EA}.opt|Win32.ActiveCfg = opt|Win32
		{786308F4-59C9-47C0-92B7-CA85939E07EA}.opt|Win32.Build.0 = opt|Win32
		{786308F4-59C9-47C0-92B7-CA85939E07EA}.Release|Win32.ActiveCfg = opt|Win32
		{786308F4-59C9-47C0-92B7-CA85939E07EA}.Release|Win32.Build.0 = opt|Win32
		{09E0BC71-90CB-41CF-8685-6A74CD66E596}.dbg|Win32.ActiveCfg = dbg|Win32
		{09E0BC71-90CB-41CF-8685-6A74CD66E596}.dbg|Win32.Build.0 = dbg|Win32
		{09E0BC71-90CB-41CF-8685-6A74CD66E596}.Debug|Win32.ActiveCfg = dbg|Win32
		{09E0BC71-90CB-41CF-8685-6A74CD66E596}.Debug|Win32.Build.0 = dbg|Win32
		{09E0BC71-90CB-41CF-8685-6A74CD66E596}.opt|Win32.ActiveCfg = opt|Win32
		{09E0BC71-90CB-41CF-8685-6A74CD66E596}.opt|Win32.Build.0 = opt|Win32
		{09E0BC71-90CB-41CF-8685-6A74CD66E596}.Release|Win32.ActiveCfg = opt|Win32
		{09E0BC71-90CB-41CF-8685-6A74CD66E596}.Release|Win32.Build.0 = opt|Win32
		{86D8D5CF-D43A-452C-8141-DDC1F8541349}.dbg|Win32.ActiveCfg = dbg|Win32
		{86D8D5CF-D43A-452C-8141-DDC1F8541349}.dbg|Win32.Build.0 = dbg|Win32
		{86D8D5CF-D43A-452C-8141-DDC1F8541349}.Debug|Win32.ActiveCfg = dbg|Win32
		{86D8D5CF-D43A-452C-8141-DDC1F8541349}.Debug|Win32.Build.0 = dbg|Win32
		{86D8D5CF-D43A-452C-8141-DDC1F8541349}.opt|Win32.ActiveCfg = opt|Win32
		{86D8D5CF-D43A-452C-8141-DDC1F8541349}.opt|Win32.Build.0 = opt|Win32
		{86D8D5CF-D43A-452C-8141-DDC1F8541349}.Release|Win32.ActiveCfg = opt|Win32
		{86D8D5CF-D43A-452C-8141-DDC1F8541349}.Release|Win32.Build.0 = opt|Win32
		{3D2446B6-6B3E-46BA-86D6-B629A84B43AD}.dbg|Win32.ActiveCfg = dbg|Win32
		{3D2446B6-6B3E-46BA-86D6-B629A84B43AD}.dbg|Win32.Build.0 = dbg|Win32
		{3D2446B6-6B3E-46BA-86D6-B629A84B43AD}.Debug|Win32.ActiveCfg = dbg|Win32
		{3D2446B6-6B3E-46BA-86D6-B629A84B43AD}.Debug|Win32.Build.0 = dbg|Win32
		{3D2446B6-6B3E-46BA-86D6-B629A84B43AD}.opt|Win32.ActiveCfg = opt|Win32
		{3D2446B6-6B3E-46BA-86D6-B629A84B43AD}.opt|Win32.Build.0 = opt|Win32
		{3D2446B6-6B3E-46BA-86D6-B629A84B43AD}.Release|Win32.ActiveCfg = opt|Win32
		{3D2446B6-6B3E-46BA-86D6-B629A84B43AD}.Release|Win32.Build.0 = opt|Win32
		{EFC4567B-A377-4842-B47B-A738A2E08FAE}.dbg|Win32.ActiveCfg = dbg|Win32
		{EFC4567B-A377-4842-B47B-A738A2E08FAE}.dbg|Win32.Build.0 = dbg|Win32
		{EFC4567B-A377-4842-B47B-A738A2E08FAE}.Debug|Win32.ActiveCfg = dbg|Win32
		{EFC4567B-A377-4842-B47B-A738A2E08FAE}.Debug|Win32.Build.0 = dbg|Win32
		{EFC4567B-A377-4842-B47B-A738A2E08FAE}.opt|Win32.ActiveCfg = opt|Win32
		{EFC4567B-A377-4842-B47B-A738A2E08FAE}.opt|Win32.Build.0 = opt|Win32
		{EFC4567B-A377-4842-B47B-A738A2E08FAE}.Release|Win32.ActiveCfg = opt|Win32
		{EFC4567B-A377-4842-B47B-A738A2E08FAE}.Release|Win32.Build.0 = opt|Win32
		{D9FD0E10-5C84-42B2-B265-AECAB9063660}.dbg|Win32.ActiveCfg = dbg|Win32
		{D9FD0E10-5C84-42B2-B265-AECAB9063660}.dbg|Win32.Build.0 = dbg|Win32
		{D9FD0E10-5C84-42B2-B265-AECAB9063660}.Debug|Win32.ActiveCfg = dbg|Win32
		{D9FD0E10-5C84-42B2-B265-AECAB9063660}.Debug|Win32.Build.0 = dbg|Win32
		{D9FD0E10-5C84-42B2-B265-AECAB9063660}.opt|Win32.ActiveCfg = opt|Win32
		{D9FD0E10-5C84-42B2-B265-AECAB9063660}.opt|Win32.Build.0 = opt|Win32
		{D9FD0E10-5C84-42B2-B265-AECAB9063660}.Release|Win32.ActiveCfg = opt|Win32
		{D9FD0E10-5C84-42B2-B265-AECAB9063660}.Release|Win32.Build.0 = opt|Win32
		{7A2B207B-6E2B-4FEA-BBF9-4B6F1A84EF72}.dbg|Win32.ActiveCfg = dbg|Win32
		{7A2B207B-6E2B-4FEA-BBF9-4B6F1A84EF72}.dbg|Win32.Build.0 = dbg|Win32
		{7A2B207B-6E2B-4FEA-BBF9-4B6F1A84EF72}.Debug|Win32.ActiveCfg = dbg|Win32
		{7A2B207B-6E2B-4FEA-BBF9-4B6F1A84EF72}.Debug|Win32.Build.0 = dbg|Win32
		{7A2B207B-6E2B-4FEA-BBF9-4B6F1A84EF72}.opt|Win32.ActiveCfg = opt|Win32
		{7A2B207B-6E2B-4FEA-BBF9-4B6F1A84EF72}.opt|Win32.Build.0 = opt|Win32
		{7A2B207B-6E2B-4FEA-BBF9-4B6F1A84EF72}.Release|Win32.ActiveCfg = opt|Win32
		{7A2B207B-6E2B-4FEA-BBF9-4B6F1A84EF72}.Release|Win32.Build.0 = opt|Win32
		{55EBD099-B316-4D3A-89E0-B70D4D0859ED}.dbg|Win32.ActiveCfg = dbg|Win32
		{55EBD099-B316-4D3A-89E0-B70D4D0859ED}.dbg|Win32.Build.0 = dbg|Win32
		{55EBD099-B316-4D3A-89E0-B70D4D0859ED}.Debug|Win32.ActiveCfg = dbg|Win32
		{55EBD099-B316-4D3A-89E0-B70D4D0859ED}.Debug|Win32.Build.0 = dbg|Win32
		{55EBD099-B316-4D3A-89E0-B70D4D0859ED}.opt|Win32.ActiveCfg = opt|Win32
		{55EBD099-B316-4D3A-89E0-B70D4D0859ED}.opt|Win32.Build.0 = opt|Win32
		{55EBD099-B316-4D3A-89E0-B70D4D0859ED}.Release|Win32.ActiveCfg = opt|Win32
		{55EBD099-B316-4D3A-89E0-B70D4D0859ED}.Release|Win32.Build.0 = opt|Win32
		{2BC2262C-72C8-4433-ABEA-17CF113AE66C}.dbg|Win32.ActiveCfg = dbg|Win32
		{2BC2262C-72C8-4433-ABEA-17CF113AE66C}.dbg|Win32.Build.0 = dbg|Win32
		{2BC2262C-72C8-4433-ABEA-17CF113AE66C}.Debug|Win32.ActiveCfg = dbg|Win32
		{2BC2262C-72C8-4433-ABEA-17CF113AE66C}.Debug|Win32.Build.0 = dbg|Win32
		{2BC2262C-72C8-4433-ABEA-17CF113AE66C}.opt|Win32.ActiveCfg = opt|Win32
		{2BC2262C-72C8-4433-ABEA-17CF113AE66C}.opt|Win32.Build.0 = opt|Win32
		{2BC2262C-72C8-4433-ABEA-17CF113AE66C}.Release|Win32.ActiveCfg = opt|Win32
		{2BC2262C-72C8-4433-ABEA-17CF113AE66C}.Release|Win32.Build.0 = opt|Win32
		{D0D265C9-B5E7-4050-86EA-1289DBA57CD8}.dbg|Win32.ActiveCfg = dbg|Win32
		{D0D265C9-B5E7-4050-86EA-1289DBA57CD8}.dbg|Win32.Build.0 = dbg|Win32
		{D0D265C9-B5E7-4050-86EA-1289DBA57CD8}.Debug|Win32.ActiveCfg = dbg|Win32
		{D0D265C9-B5E7-4050-86EA-1289DBA57CD8}.Debug|Win32.Build.0 = dbg|Win32
		{D0D265C9-B5E7-4050-86EA-1289DBA57CD8}.opt|Win32.ActiveCfg = opt|Win32
		{D0D265C9-B5E7-4050-86EA-1289DBA57CD8}.opt|Win32.Build.0 = opt|Win32
		{D0D265C9-B5E7-4050-86EA-1289DBA57CD8}.Release|Win32.ActiveCfg = opt|Win32
		{D0D265C9-B5E7-4050-86EA-1289DBA57CD8}.Release|Win32.Build.0 = opt|Win32
		{05467BE3-8B9C-4834-96EB-36A24A9354A7}.dbg|Win32.ActiveCfg = dbg|Win32
		{05467BE3-8B9C-4834-96EB-36A24A9354A7}.dbg|Win32.Build.0 = dbg|Win32
		{05467BE3-8B9C-4834-96EB-36A24A9354A7}.Debug|Win32.ActiveCfg = dbg|Win32
		{05467BE3-8B9C-4834-96EB-36A24A9354A7}.Debug|Win32.Build.0 = dbg|Win32
		{05467BE3-8B9C-4834-96EB-36A24A9354A7}.opt|Win32.ActiveCfg = opt|Win32
		{05467BE3-8B9C-4834-96EB-36A24A9354A7}.opt|Win32.Build.0 = opt|Win32
		{05467BE3-8B9C-4834-96EB-36A24A9354A7}.Release|Win32.ActiveCfg = opt|Win32
		{05467BE3-8B9C-4834-96EB-36A24A9354A7}.Release|Win32.Build.0 = opt|Win32
		{477C0AF8-76F0-4690-BE47-A3C7B8B4E2DB}.dbg|Win32.ActiveCfg = dbg|Win32
		{477C0AF8-76F0-4690-BE47-A3C7B8B4E2DB}.dbg|Win32.Build.0 = dbg|Win32
		{477C0AF8-76F0-4690-BE47-A3C7B8B4E2DB}.Debug|Win32.ActiveCfg = dbg|Win32
		{477C0AF8-76F0-4690-BE47-A3C7B8B4E2DB}.Debug|Win32.Build.0 = dbg|Win32
		{477C0AF8-76F0-4690-BE47-A3C7B8B4E2DB}.opt|Win32.ActiveCfg = opt|Win32
		{477C0AF8-76F0-4690-BE47-A3C7B8B4E2DB}.opt|Win32.Build.0 = opt|Win32
		{477C0AF8-76F0-4690-BE47-A3C7B8B4E2DB}.Release|Win32.ActiveCfg = opt|Win32
		{477C0AF8-76F0-4690-BE47-A3C7B8B4E2DB}.Release|Win32.Build.0 = opt|Win32
	EndGlobalSection
	GlobalSection(SolutionProperties) = preSolution
		HideSolutionNode = FALSE
	EndGlobalSection
EndGlobal
