
Microsoft Visual Studio Solution File, Format Version 10.00
# Visual C++ Express 2008
Project("{8BC9CEB8-8B4A-11D0-8D11-00A0C91BC942}") = "py.w32", "py.w32\py.w32.vcproj", "{2E22F0C7-0517-448B-8F16-C6719BBED0E1}"
EndProject
Project("{8BC9CEB8-8B4A-11D0-8D11-00A0C91BC942}") = "py.w32.rgs", "py.w32.rgs\py.w32.rgs.vcproj", "{9D372BEF-E412-4D6F-9CFE-A6076C4AFCA6}"
EndProject
Global
	GlobalSection(SolutionConfigurationPlatforms) = preSolution
		dbg|Win32 = dbg|Win32
		opt|Win32 = opt|Win32
	EndGlobalSection
	GlobalSection(ProjectConfigurationPlatforms) = postSolution
		{2E22F0C7-0517-448B-8F16-C6719BBED0E1}.dbg|Win32.ActiveCfg = dbg|Win32
		{2E22F0C7-0517-448B-8F16-C6719BBED0E1}.dbg|Win32.Build.0 = dbg|Win32
		{2E22F0C7-0517-448B-8F16-C6719BBED0E1}.opt|Win32.ActiveCfg = opt|Win32
		{2E22F0C7-0517-448B-8F16-C6719BBED0E1}.opt|Win32.Build.0 = opt|Win32
		{9D372BEF-E412-4D6F-9CFE-A6076C4AFCA6}.dbg|Win32.ActiveCfg = dbg|Win32
		{9D372BEF-E412-4D6F-9CFE-A6076C4AFCA6}.dbg|Win32.Build.0 = dbg|Win32
		{9D372BEF-E412-4D6F-9CFE-A6076C4AFCA6}.opt|Win32.ActiveCfg = opt|Win32
		{9D372BEF-E412-4D6F-9CFE-A6076C4AFCA6}.opt|Win32.Build.0 = opt|Win32
	EndGlobalSection
	GlobalSection(SolutionProperties) = preSolution
		HideSolutionNode = FALSE
	EndGlobalSection
EndGlobal
